
Microsoft Visual Studio Solution File, Format Version 12.00
# Visual Studio Version 17
VisualStudioVersion = 17.11.35303.130
MinimumVisualStudioVersion = 10.0.40219.1
Project("{FAE04EC0-301F-11D3-BF4B-00C04F79EFBC}") = "ARQUITECTURA_T3", "ARQUITECTURA_T3\ARQUITECTURA_T3.csproj", "{4ABCCB58-AF6C-4644-A83C-BDC7A31782D7}"
EndProject
Global
	GlobalSection(SolutionConfigurationPlatforms) = preSolution
		Debug|Any CPU = Debug|Any CPU
		Release|Any CPU = Release|Any CPU
	EndGlobalSection
	GlobalSection(ProjectConfigurationPlatforms) = postSolution
		{4ABCCB58-AF6C-4644-A83C-BDC7A31782D7}.Debug|Any CPU.ActiveCfg = Debug|Any CPU
		{4ABCCB58-AF6C-4644-A83C-BDC7A31782D7}.Debug|Any CPU.Build.0 = Debug|Any CPU
		{4ABCCB58-AF6C-4644-A83C-BDC7A31782D7}.Release|Any CPU.ActiveCfg = Release|Any CPU
		{4ABCCB58-AF6C-4644-A83C-BDC7A31782D7}.Release|Any CPU.Build.0 = Release|Any CPU
	EndGlobalSection
	GlobalSection(SolutionProperties) = preSolution
		HideSolutionNode = FALSE
	EndGlobalSection
	GlobalSection(ExtensibilityGlobals) = postSolution
		SolutionGuid = {BB9FE631-7ABB-4ED4-8FD4-2924C4AE4397}
	EndGlobalSection
EndGlobal
